
Microsoft Visual Studio Solution File, Format Version 12.00
# Visual Studio Version 17
VisualStudioVersion = 17.0.31919.166
MinimumVisualStudioVersion = 10.0.40219.1
Project("{FAE04EC0-301F-11D3-BF4B-00C04F79EFBC}") = "Cashier.WPF.Client", "Cashier.WPF.Client\Cashier.WPF.Client.csproj", "{175E247E-BB72-42E8-B46E-35A08D976355}"
EndProject
Project("{FAE04EC0-301F-11D3-BF4B-00C04F79EFBC}") = "Cashier.WPF.Admin", "Cashier.WPF.Admin\Cashier.WPF.Admin.csproj", "{48D5534C-64C1-4A69-8A3F-0A72472E80C7}"
EndProject
Project("{FAE04EC0-301F-11D3-BF4B-00C04F79EFBC}") = "Cashier.Common", "Cashier.Common\Cashier.Common.csproj", "{656F5CFD-87E6-4C59-AB24-CCA61E522A7B}"
EndProject
Project("{FAE04EC0-301F-11D3-BF4B-00C04F79EFBC}") = "Cashier.Server", "Cashier.Server\Cashier.Server.csproj", "{DD7B02E4-D671-4E85-9DE6-87CEA2C19989}"
EndProject
Project("{FAE04EC0-301F-11D3-BF4B-00C04F79EFBC}") = "Cashier.WPF.Common", "Cashier.WPF.Common\Cashier.WPF.Common.csproj", "{A7289101-848D-45E7-815F-96F4DA55536F}"
EndProject
Project("{2150E333-8FDC-42A3-9474-1A3956D46DE8}") = "Solution Items", "Solution Items", "{6005D083-DE7A-404F-B302-B7DA4CAB794C}"
	ProjectSection(SolutionItems) = preProject
		.editorconfig = .editorconfig
	EndProjectSection
EndProject
Global
	GlobalSection(SolutionConfigurationPlatforms) = preSolution
		Debug|Any CPU = Debug|Any CPU
		Release|Any CPU = Release|Any CPU
	EndGlobalSection
	GlobalSection(ProjectConfigurationPlatforms) = postSolution
		{175E247E-BB72-42E8-B46E-35A08D976355}.Debug|Any CPU.ActiveCfg = Debug|Any CPU
		{175E247E-BB72-42E8-B46E-35A08D976355}.Debug|Any CPU.Build.0 = Debug|Any CPU
		{175E247E-BB72-42E8-B46E-35A08D976355}.Release|Any CPU.ActiveCfg = Release|Any CPU
		{175E247E-BB72-42E8-B46E-35A08D976355}.Release|Any CPU.Build.0 = Release|Any CPU
		{48D5534C-64C1-4A69-8A3F-0A72472E80C7}.Debug|Any CPU.ActiveCfg = Debug|Any CPU
		{48D5534C-64C1-4A69-8A3F-0A72472E80C7}.Debug|Any CPU.Build.0 = Debug|Any CPU
		{48D5534C-64C1-4A69-8A3F-0A72472E80C7}.Release|Any CPU.ActiveCfg = Release|Any CPU
		{48D5534C-64C1-4A69-8A3F-0A72472E80C7}.Release|Any CPU.Build.0 = Release|Any CPU
		{656F5CFD-87E6-4C59-AB24-CCA61E522A7B}.Debug|Any CPU.ActiveCfg = Debug|Any CPU
		{656F5CFD-87E6-4C59-AB24-CCA61E522A7B}.Debug|Any CPU.Build.0 = Debug|Any CPU
		{656F5CFD-87E6-4C59-AB24-CCA61E522A7B}.Release|Any CPU.ActiveCfg = Release|Any CPU
		{656F5CFD-87E6-4C59-AB24-CCA61E522A7B}.Release|Any CPU.Build.0 = Release|Any CPU
		{DD7B02E4-D671-4E85-9DE6-87CEA2C19989}.Debug|Any CPU.ActiveCfg = Debug|Any CPU
		{DD7B02E4-D671-4E85-9DE6-87CEA2C19989}.Debug|Any CPU.Build.0 = Debug|Any CPU
		{DD7B02E4-D671-4E85-9DE6-87CEA2C19989}.Release|Any CPU.ActiveCfg = Release|Any CPU
		{DD7B02E4-D671-4E85-9DE6-87CEA2C19989}.Release|Any CPU.Build.0 = Release|Any CPU
		{A7289101-848D-45E7-815F-96F4DA55536F}.Debug|Any CPU.ActiveCfg = Debug|Any CPU
		{A7289101-848D-45E7-815F-96F4DA55536F}.Debug|Any CPU.Build.0 = Debug|Any CPU
		{A7289101-848D-45E7-815F-96F4DA55536F}.Release|Any CPU.ActiveCfg = Release|Any CPU
		{A7289101-848D-45E7-815F-96F4DA55536F}.Release|Any CPU.Build.0 = Release|Any CPU
	EndGlobalSection
	GlobalSection(SolutionProperties) = preSolution
		HideSolutionNode = FALSE
	EndGlobalSection
	GlobalSection(ExtensibilityGlobals) = postSolution
		SolutionGuid = {4D6FC4C5-B2F3-41CD-8F5B-002EE79A11B8}
	EndGlobalSection
EndGlobal
